{
  "name": "y",
  "version": "1.0.0",
  "lockfileVersion": 1,
  "requires": true,
  "dependencies": {
    "linked-list": {
      "version": "2.1.0",
      "resolved": "https://registry.npmjs.org/linked-list/-/linked-list-2.1.0.tgz",
      "integrity": "sha512-0GK/ylO6e5cv1PCOIdTRHxOaCgQ+0jKwHt+cHzkiCAZlx0KM5Id1bBAPad6g2mkvBNp1pNdmG0cohFGfqjkv9A=="
    }
  }
}
